// !$*UTF8*$!
{
	archiveVersion = 1;
	classes = {
	};
	objectVersion = 55;
	objects = {

/* Begin PBXBuildFile section */
		AD168B4228FC7D0F007E63A6 /* MainTabBarViewController.swift in Sources */ = {isa = PBXBuildFile; fileRef = AD168B4128FC7D0F007E63A6 /* MainTabBarViewController.swift */; };
		AD168B4528FC7DF1007E63A6 /* MusicViewController.swift in Sources */ = {isa = PBXBuildFile; fileRef = AD168B4428FC7DF1007E63A6 /* MusicViewController.swift */; };
		AD168B4728FC7E03007E63A6 /* MovieViewController.swift in Sources */ = {isa = PBXBuildFile; fileRef = AD168B4628FC7E03007E63A6 /* MovieViewController.swift */; };
		AD168B4928FC7E1A007E63A6 /* SeachViewController.swift in Sources */ = {isa = PBXBuildFile; fileRef = AD168B4828FC7E1A007E63A6 /* SeachViewController.swift */; };
		AD168B4B28FC7E2A007E63A6 /* SoundViewController.swift in Sources */ = {isa = PBXBuildFile; fileRef = AD168B4A28FC7E2A007E63A6 /* SoundViewController.swift */; };
		AD168B4D28FC7E36007E63A6 /* MoreViewController.swift in Sources */ = {isa = PBXBuildFile; fileRef = AD168B4C28FC7E36007E63A6 /* MoreViewController.swift */; };
		AD40BA3928C2022100B191B0 /* AppDelegate.swift in Sources */ = {isa = PBXBuildFile; fileRef = AD40BA3828C2022100B191B0 /* AppDelegate.swift */; };
		AD40BA3B28C2022100B191B0 /* SceneDelegate.swift in Sources */ = {isa = PBXBuildFile; fileRef = AD40BA3A28C2022100B191B0 /* SceneDelegate.swift */; };
		AD40BA4228C2022200B191B0 /* Assets.xcassets in Resources */ = {isa = PBXBuildFile; fileRef = AD40BA4128C2022200B191B0 /* Assets.xcassets */; };
		AD40BA4528C2022200B191B0 /* LaunchScreen.storyboard in Resources */ = {isa = PBXBuildFile; fileRef = AD40BA4328C2022200B191B0 /* LaunchScreen.storyboard */; };
		AD40BA4D28C2028700B191B0 /* AuthViewController.swift in Sources */ = {isa = PBXBuildFile; fileRef = AD40BA4C28C2028700B191B0 /* AuthViewController.swift */; };
		AD40BA5228C2139E00B191B0 /* UIStackView + Extension.swift in Sources */ = {isa = PBXBuildFile; fileRef = AD40BA5128C2139E00B191B0 /* UIStackView + Extension.swift */; };
		AD40BA5528C221EF00B191B0 /* SignUpViewController.swift in Sources */ = {isa = PBXBuildFile; fileRef = AD40BA5428C221EF00B191B0 /* SignUpViewController.swift */; };
		AD40BA5728C24D6C00B191B0 /* AlbumsViewController.swift in Sources */ = {isa = PBXBuildFile; fileRef = AD40BA5628C24D6C00B191B0 /* AlbumsViewController.swift */; };
		AD40BA5928C2505A00B191B0 /* UIViewController + Extension.swift in Sources */ = {isa = PBXBuildFile; fileRef = AD40BA5828C2505A00B191B0 /* UIViewController + Extension.swift */; };
		AD40BA5C28C254A100B191B0 /* AlbumsTableViewCell.swift in Sources */ = {isa = PBXBuildFile; fileRef = AD40BA5B28C254A100B191B0 /* AlbumsTableViewCell.swift */; };
		AD40BA5E28C25C5A00B191B0 /* DetailAlbumViewController.swift in Sources */ = {isa = PBXBuildFile; fileRef = AD40BA5D28C25C5A00B191B0 /* DetailAlbumViewController.swift */; };
		AD40BA6028C2664F00B191B0 /* SongsCollectionViewCell.swift in Sources */ = {isa = PBXBuildFile; fileRef = AD40BA5F28C2664F00B191B0 /* SongsCollectionViewCell.swift */; };
		AD40BA6228C2690C00B191B0 /* UserInfoViewController.swift in Sources */ = {isa = PBXBuildFile; fileRef = AD40BA6128C2690C00B191B0 /* UserInfoViewController.swift */; };
		ADE2041728FF29C9007F92F6 /* CollectionViewTableViewCell.swift in Sources */ = {isa = PBXBuildFile; fileRef = ADE2041628FF29C9007F92F6 /* CollectionViewTableViewCell.swift */; };
		ADE2041928FF3022007F92F6 /* TitleCollectionViewCell.swift in Sources */ = {isa = PBXBuildFile; fileRef = ADE2041828FF3022007F92F6 /* TitleCollectionViewCell.swift */; };
/* End PBXBuildFile section */

/* Begin PBXFileReference section */
		AD168B4128FC7D0F007E63A6 /* MainTabBarViewController.swift */ = {isa = PBXFileReference; lastKnownFileType = sourcecode.swift; path = MainTabBarViewController.swift; sourceTree = "<group>"; };
		AD168B4428FC7DF1007E63A6 /* MusicViewController.swift */ = {isa = PBXFileReference; lastKnownFileType = sourcecode.swift; path = MusicViewController.swift; sourceTree = "<group>"; };
		AD168B4628FC7E03007E63A6 /* MovieViewController.swift */ = {isa = PBXFileReference; lastKnownFileType = sourcecode.swift; path = MovieViewController.swift; sourceTree = "<group>"; };
		AD168B4828FC7E1A007E63A6 /* SeachViewController.swift */ = {isa = PBXFileReference; lastKnownFileType = sourcecode.swift; path = SeachViewController.swift; sourceTree = "<group>"; };
		AD168B4A28FC7E2A007E63A6 /* SoundViewController.swift */ = {isa = PBXFileReference; lastKnownFileType = sourcecode.swift; path = SoundViewController.swift; sourceTree = "<group>"; };
		AD168B4C28FC7E36007E63A6 /* MoreViewController.swift */ = {isa = PBXFileReference; lastKnownFileType = sourcecode.swift; path = MoreViewController.swift; sourceTree = "<group>"; };
		AD40BA3528C2022100B191B0 /* ItunesApp.app */ = {isa = PBXFileReference; explicitFileType = wrapper.application; includeInIndex = 0; path = ItunesApp.app; sourceTree = BUILT_PRODUCTS_DIR; };
		AD40BA3828C2022100B191B0 /* AppDelegate.swift */ = {isa = PBXFileReference; lastKnownFileType = sourcecode.swift; path = AppDelegate.swift; sourceTree = "<group>"; };
		AD40BA3A28C2022100B191B0 /* SceneDelegate.swift */ = {isa = PBXFileReference; lastKnownFileType = sourcecode.swift; path = SceneDelegate.swift; sourceTree = "<group>"; };
		AD40BA4128C2022200B191B0 /* Assets.xcassets */ = {isa = PBXFileReference; lastKnownFileType = folder.assetcatalog; path = Assets.xcassets; sourceTree = "<group>"; };
		AD40BA4428C2022200B191B0 /* Base */ = {isa = PBXFileReference; lastKnownFileType = file.storyboard; name = Base; path = Base.lproj/LaunchScreen.storyboard; sourceTree = "<group>"; };
		AD40BA4628C2022200B191B0 /* Info.plist */ = {isa = PBXFileReference; lastKnownFileType = text.plist.xml; path = Info.plist; sourceTree = "<group>"; };
		AD40BA4C28C2028700B191B0 /* AuthViewController.swift */ = {isa = PBXFileReference; lastKnownFileType = sourcecode.swift; path = AuthViewController.swift; sourceTree = "<group>"; };
		AD40BA5128C2139E00B191B0 /* UIStackView + Extension.swift */ = {isa = PBXFileReference; lastKnownFileType = sourcecode.swift; path = "UIStackView + Extension.swift"; sourceTree = "<group>"; };
		AD40BA5428C221EF00B191B0 /* SignUpViewController.swift */ = {isa = PBXFileReference; lastKnownFileType = sourcecode.swift; path = SignUpViewController.swift; sourceTree = "<group>"; };
		AD40BA5628C24D6C00B191B0 /* AlbumsViewController.swift */ = {isa = PBXFileReference; lastKnownFileType = sourcecode.swift; path = AlbumsViewController.swift; sourceTree = "<group>"; };
		AD40BA5828C2505A00B191B0 /* UIViewController + Extension.swift */ = {isa = PBXFileReference; lastKnownFileType = sourcecode.swift; path = "UIViewController + Extension.swift"; sourceTree = "<group>"; };
		AD40BA5B28C254A100B191B0 /* AlbumsTableViewCell.swift */ = {isa = PBXFileReference; lastKnownFileType = sourcecode.swift; path = AlbumsTableViewCell.swift; sourceTree = "<group>"; };
		AD40BA5D28C25C5A00B191B0 /* DetailAlbumViewController.swift */ = {isa = PBXFileReference; lastKnownFileType = sourcecode.swift; path = DetailAlbumViewController.swift; sourceTree = "<group>"; };
		AD40BA5F28C2664F00B191B0 /* SongsCollectionViewCell.swift */ = {isa = PBXFileReference; lastKnownFileType = sourcecode.swift; path = SongsCollectionViewCell.swift; sourceTree = "<group>"; };
		AD40BA6128C2690C00B191B0 /* UserInfoViewController.swift */ = {isa = PBXFileReference; lastKnownFileType = sourcecode.swift; path = UserInfoViewController.swift; sourceTree = "<group>"; };
		ADE2041628FF29C9007F92F6 /* CollectionViewTableViewCell.swift */ = {isa = PBXFileReference; lastKnownFileType = sourcecode.swift; path = CollectionViewTableViewCell.swift; sourceTree = "<group>"; };
		ADE2041828FF3022007F92F6 /* TitleCollectionViewCell.swift */ = {isa = PBXFileReference; lastKnownFileType = sourcecode.swift; path = TitleCollectionViewCell.swift; sourceTree = "<group>"; };
/* End PBXFileReference section */

/* Begin PBXFrameworksBuildPhase section */
		AD40BA3228C2022100B191B0 /* Frameworks */ = {
			isa = PBXFrameworksBuildPhase;
			buildActionMask = 2147483647;
			files = (
			);
			runOnlyForDeploymentPostprocessing = 0;
		};
/* End PBXFrameworksBuildPhase section */

/* Begin PBXGroup section */
		AD168B4328FC7DA5007E63A6 /* TabBarControllers */ = {
			isa = PBXGroup;
			children = (
				ADE2041528FF28AC007F92F6 /* Cells */,
				AD168B4128FC7D0F007E63A6 /* MainTabBarViewController.swift */,
				AD168B4428FC7DF1007E63A6 /* MusicViewController.swift */,
				AD168B4628FC7E03007E63A6 /* MovieViewController.swift */,
				AD168B4828FC7E1A007E63A6 /* SeachViewController.swift */,
				AD168B4A28FC7E2A007E63A6 /* SoundViewController.swift */,
				AD168B4C28FC7E36007E63A6 /* MoreViewController.swift */,
			);
			path = TabBarControllers;
			sourceTree = "<group>";
		};
		AD40BA2C28C2022100B191B0 = {
			isa = PBXGroup;
			children = (
				AD40BA3728C2022100B191B0 /* ItunesApp */,
				AD40BA3628C2022100B191B0 /* Products */,
			);
			sourceTree = "<group>";
		};
		AD40BA3628C2022100B191B0 /* Products */ = {
			isa = PBXGroup;
			children = (
				AD40BA3528C2022100B191B0 /* ItunesApp.app */,
			);
			name = Products;
			sourceTree = "<group>";
		};
		AD40BA3728C2022100B191B0 /* ItunesApp */ = {
			isa = PBXGroup;
			children = (
				AD40BA4F28C2135300B191B0 /* Extensions */,
				AD40BA4E28C202EC00B191B0 /* Application */,
				AD168B4328FC7DA5007E63A6 /* TabBarControllers */,
				AD40BA5328C221D200B191B0 /* Controllers */,
				AD40BA4128C2022200B191B0 /* Assets.xcassets */,
				AD40BA4328C2022200B191B0 /* LaunchScreen.storyboard */,
				AD40BA4628C2022200B191B0 /* Info.plist */,
			);
			path = ItunesApp;
			sourceTree = "<group>";
		};
		AD40BA4E28C202EC00B191B0 /* Application */ = {
			isa = PBXGroup;
			children = (
				AD40BA3828C2022100B191B0 /* AppDelegate.swift */,
				AD40BA3A28C2022100B191B0 /* SceneDelegate.swift */,
			);
			path = Application;
			sourceTree = "<group>";
		};
		AD40BA4F28C2135300B191B0 /* Extensions */ = {
			isa = PBXGroup;
			children = (
				AD40BA5028C2136F00B191B0 /* UIKit */,
			);
			path = Extensions;
			sourceTree = "<group>";
		};
		AD40BA5028C2136F00B191B0 /* UIKit */ = {
			isa = PBXGroup;
			children = (
				AD40BA5128C2139E00B191B0 /* UIStackView + Extension.swift */,
				AD40BA5828C2505A00B191B0 /* UIViewController + Extension.swift */,
			);
			path = UIKit;
			sourceTree = "<group>";
		};
		AD40BA5328C221D200B191B0 /* Controllers */ = {
			isa = PBXGroup;
			children = (
				AD40BA5A28C2547100B191B0 /* Cells */,
				AD40BA4C28C2028700B191B0 /* AuthViewController.swift */,
				AD40BA5428C221EF00B191B0 /* SignUpViewController.swift */,
				AD40BA5628C24D6C00B191B0 /* AlbumsViewController.swift */,
				AD40BA5D28C25C5A00B191B0 /* DetailAlbumViewController.swift */,
				AD40BA6128C2690C00B191B0 /* UserInfoViewController.swift */,
			);
			path = Controllers;
			sourceTree = "<group>";
		};
		AD40BA5A28C2547100B191B0 /* Cells */ = {
			isa = PBXGroup;
			children = (
				AD40BA5B28C254A100B191B0 /* AlbumsTableViewCell.swift */,
				AD40BA5F28C2664F00B191B0 /* SongsCollectionViewCell.swift */,
			);
			path = Cells;
			sourceTree = "<group>";
		};
		ADE2041528FF28AC007F92F6 /* Cells */ = {
			isa = PBXGroup;
			children = (
				ADE2041628FF29C9007F92F6 /* CollectionViewTableViewCell.swift */,
				ADE2041828FF3022007F92F6 /* TitleCollectionViewCell.swift */,
			);
			path = Cells;
			sourceTree = "<group>";
		};
/* End PBXGroup section */

/* Begin PBXNativeTarget section */
		AD40BA3428C2022100B191B0 /* ItunesApp */ = {
			isa = PBXNativeTarget;
			buildConfigurationList = AD40BA4928C2022200B191B0 /* Build configuration list for PBXNativeTarget "ItunesApp" */;
			buildPhases = (
				AD40BA3128C2022100B191B0 /* Sources */,
				AD40BA3228C2022100B191B0 /* Frameworks */,
				AD40BA3328C2022100B191B0 /* Resources */,
			);
			buildRules = (
			);
			dependencies = (
			);
			name = ItunesApp;
			productName = ItunesApp;
			productReference = AD40BA3528C2022100B191B0 /* ItunesApp.app */;
			productType = "com.apple.product-type.application";
		};
/* End PBXNativeTarget section */

/* Begin PBXProject section */
		AD40BA2D28C2022100B191B0 /* Project object */ = {
			isa = PBXProject;
			attributes = {
				BuildIndependentTargetsInParallel = 1;
				LastSwiftUpdateCheck = 1340;
				LastUpgradeCheck = 1340;
				TargetAttributes = {
					AD40BA3428C2022100B191B0 = {
						CreatedOnToolsVersion = 13.4.1;
					};
				};
			};
			buildConfigurationList = AD40BA3028C2022100B191B0 /* Build configuration list for PBXProject "ItunesApp" */;
			compatibilityVersion = "Xcode 13.0";
			developmentRegion = en;
			hasScannedForEncodings = 0;
			knownRegions = (
				en,
				Base,
			);
			mainGroup = AD40BA2C28C2022100B191B0;
			productRefGroup = AD40BA3628C2022100B191B0 /* Products */;
			projectDirPath = "";
			projectRoot = "";
			targets = (
				AD40BA3428C2022100B191B0 /* ItunesApp */,
			);
		};
/* End PBXProject section */

/* Begin PBXResourcesBuildPhase section */
		AD40BA3328C2022100B191B0 /* Resources */ = {
			isa = PBXResourcesBuildPhase;
			buildActionMask = 2147483647;
			files = (
				AD40BA4528C2022200B191B0 /* LaunchScreen.storyboard in Resources */,
				AD40BA4228C2022200B191B0 /* Assets.xcassets in Resources */,
			);
			runOnlyForDeploymentPostprocessing = 0;
		};
/* End PBXResourcesBuildPhase section */

/* Begin PBXSourcesBuildPhase section */
		AD40BA3128C2022100B191B0 /* Sources */ = {
			isa = PBXSourcesBuildPhase;
			buildActionMask = 2147483647;
			files = (
				AD40BA3928C2022100B191B0 /* AppDelegate.swift in Sources */,
				AD168B4728FC7E03007E63A6 /* MovieViewController.swift in Sources */,
				AD40BA4D28C2028700B191B0 /* AuthViewController.swift in Sources */,
				ADE2041728FF29C9007F92F6 /* CollectionViewTableViewCell.swift in Sources */,
				AD40BA5728C24D6C00B191B0 /* AlbumsViewController.swift in Sources */,
				AD40BA6028C2664F00B191B0 /* SongsCollectionViewCell.swift in Sources */,
				AD40BA5C28C254A100B191B0 /* AlbumsTableViewCell.swift in Sources */,
				AD168B4D28FC7E36007E63A6 /* MoreViewController.swift in Sources */,
				AD40BA6228C2690C00B191B0 /* UserInfoViewController.swift in Sources */,
				AD40BA5E28C25C5A00B191B0 /* DetailAlbumViewController.swift in Sources */,
				AD168B4928FC7E1A007E63A6 /* SeachViewController.swift in Sources */,
				AD40BA5928C2505A00B191B0 /* UIViewController + Extension.swift in Sources */,
				AD40BA3B28C2022100B191B0 /* SceneDelegate.swift in Sources */,
				AD168B4528FC7DF1007E63A6 /* MusicViewController.swift in Sources */,
				AD168B4B28FC7E2A007E63A6 /* SoundViewController.swift in Sources */,
				ADE2041928FF3022007F92F6 /* TitleCollectionViewCell.swift in Sources */,
				AD168B4228FC7D0F007E63A6 /* MainTabBarViewController.swift in Sources */,
				AD40BA5228C2139E00B191B0 /* UIStackView + Extension.swift in Sources */,
				AD40BA5528C221EF00B191B0 /* SignUpViewController.swift in Sources */,
			);
			runOnlyForDeploymentPostprocessing = 0;
		};
/* End PBXSourcesBuildPhase section */

/* Begin PBXVariantGroup section */
		AD40BA4328C2022200B191B0 /* LaunchScreen.storyboard */ = {
			isa = PBXVariantGroup;
			children = (
				AD40BA4428C2022200B191B0 /* Base */,
			);
			name = LaunchScreen.storyboard;
			sourceTree = "<group>";
		};
/* End PBXVariantGroup section */

/* Begin XCBuildConfiguration section */
		AD40BA4728C2022200B191B0 /* Debug */ = {
			isa = XCBuildConfiguration;
			buildSettings = {
				ALWAYS_SEARCH_USER_PATHS = NO;
				CLANG_ANALYZER_NONNULL = YES;
				CLANG_ANALYZER_NUMBER_OBJECT_CONVERSION = YES_AGGRESSIVE;
				CLANG_CXX_LANGUAGE_STANDARD = "gnu++17";
				CLANG_ENABLE_MODULES = YES;
				CLANG_ENABLE_OBJC_ARC = YES;
				CLANG_ENABLE_OBJC_WEAK = YES;
				CLANG_WARN_BLOCK_CAPTURE_AUTORELEASING = YES;
				CLANG_WARN_BOOL_CONVERSION = YES;
				CLANG_WARN_COMMA = YES;
				CLANG_WARN_CONSTANT_CONVERSION = YES;
				CLANG_WARN_DEPRECATED_OBJC_IMPLEMENTATIONS = YES;
				CLANG_WARN_DIRECT_OBJC_ISA_USAGE = YES_ERROR;
				CLANG_WARN_DOCUMENTATION_COMMENTS = YES;
				CLANG_WARN_EMPTY_BODY = YES;
				CLANG_WARN_ENUM_CONVERSION = YES;
				CLANG_WARN_INFINITE_RECURSION = YES;
				CLANG_WARN_INT_CONVERSION = YES;
				CLANG_WARN_NON_LITERAL_NULL_CONVERSION = YES;
				CLANG_WARN_OBJC_IMPLICIT_RETAIN_SELF = YES;
				CLANG_WARN_OBJC_LITERAL_CONVERSION = YES;
				CLANG_WARN_OBJC_ROOT_CLASS = YES_ERROR;
				CLANG_WARN_QUOTED_INCLUDE_IN_FRAMEWORK_HEADER = YES;
				CLANG_WARN_RANGE_LOOP_ANALYSIS = YES;
				CLANG_WARN_STRICT_PROTOTYPES = YES;
				CLANG_WARN_SUSPICIOUS_MOVE = YES;
				CLANG_WARN_UNGUARDED_AVAILABILITY = YES_AGGRESSIVE;
				CLANG_WARN_UNREACHABLE_CODE = YES;
				CLANG_WARN__DUPLICATE_METHOD_MATCH = YES;
				COPY_PHASE_STRIP = NO;
				DEBUG_INFORMATION_FORMAT = dwarf;
				ENABLE_STRICT_OBJC_MSGSEND = YES;
				ENABLE_TESTABILITY = YES;
				GCC_C_LANGUAGE_STANDARD = gnu11;
				GCC_DYNAMIC_NO_PIC = NO;
				GCC_NO_COMMON_BLOCKS = YES;
				GCC_OPTIMIZATION_LEVEL = 0;
				GCC_PREPROCESSOR_DEFINITIONS = (
					"DEBUG=1",
					"$(inherited)",
				);
				GCC_WARN_64_TO_32_BIT_CONVERSION = YES;
				GCC_WARN_ABOUT_RETURN_TYPE = YES_ERROR;
				GCC_WARN_UNDECLARED_SELECTOR = YES;
				GCC_WARN_UNINITIALIZED_AUTOS = YES_AGGRESSIVE;
				GCC_WARN_UNUSED_FUNCTION = YES;
				GCC_WARN_UNUSED_VARIABLE = YES;
				IPHONEOS_DEPLOYMENT_TARGET = 15.5;
				MTL_ENABLE_DEBUG_INFO = INCLUDE_SOURCE;
				MTL_FAST_MATH = YES;
				ONLY_ACTIVE_ARCH = YES;
				SDKROOT = iphoneos;
				SWIFT_ACTIVE_COMPILATION_CONDITIONS = DEBUG;
				SWIFT_OPTIMIZATION_LEVEL = "-Onone";
			};
			name = Debug;
		};
		AD40BA4828C2022200B191B0 /* Release */ = {
			isa = XCBuildConfiguration;
			buildSettings = {
				ALWAYS_SEARCH_USER_PATHS = NO;
				CLANG_ANALYZER_NONNULL = YES;
				CLANG_ANALYZER_NUMBER_OBJECT_CONVERSION = YES_AGGRESSIVE;
				CLANG_CXX_LANGUAGE_STANDARD = "gnu++17";
				CLANG_ENABLE_MODULES = YES;
				CLANG_ENABLE_OBJC_ARC = YES;
				CLANG_ENABLE_OBJC_WEAK = YES;
				CLANG_WARN_BLOCK_CAPTURE_AUTORELEASING = YES;
				CLANG_WARN_BOOL_CONVERSION = YES;
				CLANG_WARN_COMMA = YES;
				CLANG_WARN_CONSTANT_CONVERSION = YES;
				CLANG_WARN_DEPRECATED_OBJC_IMPLEMENTATIONS = YES;
				CLANG_WARN_DIRECT_OBJC_ISA_USAGE = YES_ERROR;
				CLANG_WARN_DOCUMENTATION_COMMENTS = YES;
				CLANG_WARN_EMPTY_BODY = YES;
				CLANG_WARN_ENUM_CONVERSION = YES;
				CLANG_WARN_INFINITE_RECURSION = YES;
				CLANG_WARN_INT_CONVERSION = YES;
				CLANG_WARN_NON_LITERAL_NULL_CONVERSION = YES;
				CLANG_WARN_OBJC_IMPLICIT_RETAIN_SELF = YES;
				CLANG_WARN_OBJC_LITERAL_CONVERSION = YES;
				CLANG_WARN_OBJC_ROOT_CLASS = YES_ERROR;
				CLANG_WARN_QUOTED_INCLUDE_IN_FRAMEWORK_HEADER = YES;
				CLANG_WARN_RANGE_LOOP_ANALYSIS = YES;
				CLANG_WARN_STRICT_PROTOTYPES = YES;
				CLANG_WARN_SUSPICIOUS_MOVE = YES;
				CLANG_WARN_UNGUARDED_AVAILABILITY = YES_AGGRESSIVE;
				CLANG_WARN_UNREACHABLE_CODE = YES;
				CLANG_WARN__DUPLICATE_METHOD_MATCH = YES;
				COPY_PHASE_STRIP = NO;
				DEBUG_INFORMATION_FORMAT = "dwarf-with-dsym";
				ENABLE_NS_ASSERTIONS = NO;
				ENABLE_STRICT_OBJC_MSGSEND = YES;
				GCC_C_LANGUAGE_STANDARD = gnu11;
				GCC_NO_COMMON_BLOCKS = YES;
				GCC_WARN_64_TO_32_BIT_CONVERSION = YES;
				GCC_WARN_ABOUT_RETURN_TYPE = YES_ERROR;
				GCC_WARN_UNDECLARED_SELECTOR = YES;
				GCC_WARN_UNINITIALIZED_AUTOS = YES_AGGRESSIVE;
				GCC_WARN_UNUSED_FUNCTION = YES;
				GCC_WARN_UNUSED_VARIABLE = YES;
				IPHONEOS_DEPLOYMENT_TARGET = 15.5;
				MTL_ENABLE_DEBUG_INFO = NO;
				MTL_FAST_MATH = YES;
				SDKROOT = iphoneos;
				SWIFT_COMPILATION_MODE = wholemodule;
				SWIFT_OPTIMIZATION_LEVEL = "-O";
				VALIDATE_PRODUCT = YES;
			};
			name = Release;
		};
		AD40BA4A28C2022200B191B0 /* Debug */ = {
			isa = XCBuildConfiguration;
			buildSettings = {
				ASSETCATALOG_COMPILER_APPICON_NAME = AppIcon;
				ASSETCATALOG_COMPILER_GLOBAL_ACCENT_COLOR_NAME = AccentColor;
				CODE_SIGN_STYLE = Automatic;
				CURRENT_PROJECT_VERSION = 1;
				DEVELOPMENT_TEAM = JPSP84G8W5;
				GENERATE_INFOPLIST_FILE = YES;
				INFOPLIST_FILE = ItunesApp/Info.plist;
				INFOPLIST_KEY_UIApplicationSupportsIndirectInputEvents = YES;
				INFOPLIST_KEY_UILaunchStoryboardName = LaunchScreen;
				INFOPLIST_KEY_UISupportedInterfaceOrientations = UIInterfaceOrientationPortrait;
				INFOPLIST_KEY_UISupportedInterfaceOrientations_iPad = "UIInterfaceOrientationPortrait UIInterfaceOrientationPortraitUpsideDown UIInterfaceOrientationLandscapeLeft UIInterfaceOrientationLandscapeRight";
				INFOPLIST_KEY_UISupportedInterfaceOrientations_iPhone = "UIInterfaceOrientationPortrait UIInterfaceOrientationLandscapeLeft UIInterfaceOrientationLandscapeRight";
				IPHONEOS_DEPLOYMENT_TARGET = 15.5;
				LD_RUNPATH_SEARCH_PATHS = (
					"$(inherited)",
					"@executable_path/Frameworks",
				);
				MARKETING_VERSION = 1.0;
				PRODUCT_BUNDLE_IDENTIFIER = MaximovNick.ItunesApp;
				PRODUCT_NAME = "$(TARGET_NAME)";
				SWIFT_EMIT_LOC_STRINGS = YES;
				SWIFT_VERSION = 5.0;
				TARGETED_DEVICE_FAMILY = 1;
			};
			name = Debug;
		};
		AD40BA4B28C2022200B191B0 /* Release */ = {
			isa = XCBuildConfiguration;
			buildSettings = {
				ASSETCATALOG_COMPILER_APPICON_NAME = AppIcon;
				ASSETCATALOG_COMPILER_GLOBAL_ACCENT_COLOR_NAME = AccentColor;
				CODE_SIGN_STYLE = Automatic;
				CURRENT_PROJECT_VERSION = 1;
				DEVELOPMENT_TEAM = JPSP84G8W5;
				GENERATE_INFOPLIST_FILE = YES;
				INFOPLIST_FILE = ItunesApp/Info.plist;
				INFOPLIST_KEY_UIApplicationSupportsIndirectInputEvents = YES;
				INFOPLIST_KEY_UILaunchStoryboardName = LaunchScreen;
				INFOPLIST_KEY_UISupportedInterfaceOrientations = UIInterfaceOrientationPortrait;
				INFOPLIST_KEY_UISupportedInterfaceOrientations_iPad = "UIInterfaceOrientationPortrait UIInterfaceOrientationPortraitUpsideDown UIInterfaceOrientationLandscapeLeft UIInterfaceOrientationLandscapeRight";
				INFOPLIST_KEY_UISupportedInterfaceOrientations_iPhone = "UIInterfaceOrientationPortrait UIInterfaceOrientationLandscapeLeft UIInterfaceOrientationLandscapeRight";
				IPHONEOS_DEPLOYMENT_TARGET = 15.5;
				LD_RUNPATH_SEARCH_PATHS = (
					"$(inherited)",
					"@executable_path/Frameworks",
				);
				MARKETING_VERSION = 1.0;
				PRODUCT_BUNDLE_IDENTIFIER = MaximovNick.ItunesApp;
				PRODUCT_NAME = "$(TARGET_NAME)";
				SWIFT_EMIT_LOC_STRINGS = YES;
				SWIFT_VERSION = 5.0;
				TARGETED_DEVICE_FAMILY = 1;
			};
			name = Release;
		};
/* End XCBuildConfiguration section */

/* Begin XCConfigurationList section */
		AD40BA3028C2022100B191B0 /* Build configuration list for PBXProject "ItunesApp" */ = {
			isa = XCConfigurationList;
			buildConfigurations = (
				AD40BA4728C2022200B191B0 /* Debug */,
				AD40BA4828C2022200B191B0 /* Release */,
			);
			defaultConfigurationIsVisible = 0;
			defaultConfigurationName = Release;
		};
		AD40BA4928C2022200B191B0 /* Build configuration list for PBXNativeTarget "ItunesApp" */ = {
			isa = XCConfigurationList;
			buildConfigurations = (
				AD40BA4A28C2022200B191B0 /* Debug */,
				AD40BA4B28C2022200B191B0 /* Release */,
			);
			defaultConfigurationIsVisible = 0;
			defaultConfigurationName = Release;
		};
/* End XCConfigurationList section */
	};
	rootObject = AD40BA2D28C2022100B191B0 /* Project object */;
}
